
Microsoft Visual Studio Solution File, Format Version 12.00
# Visual Studio Version 17
VisualStudioVersion = 17.11.35222.181
MinimumVisualStudioVersion = 10.0.40219.1
Project("{2150E333-8FDC-42A3-9474-1A3956D46DE8}") = "Task0", "Task0", "{FB0F79EC-D499-470E-84F6-E2D662DA41B9}"
EndProject
Project("{9A19103F-16F7-4668-BE54-9A1E7A4F7556}") = "Tyuiu.DolganovAA.Sprint6.Task0.V27.Lib", "Tyuiu.DolganovAA.Sprint6.Task0.V27.Lib\Tyuiu.DolganovAA.Sprint6.Task0.V27.Lib.csproj", "{D2EA688E-5244-42F3-9F7E-DCE57B5769AF}"
EndProject
Project("{9A19103F-16F7-4668-BE54-9A1E7A4F7556}") = "Tyuiu.DolganovAA.Sprint6.Task0.V27.Test", "Tyuiu.DolganovAA.Sprint6.Task0.V27.Test\Tyuiu.DolganovAA.Sprint6.Task0.V27.Test.csproj", "{54AD7F4A-47FD-4989-BB99-048EAC175BBF}"
EndProject
Project("{9A19103F-16F7-4668-BE54-9A1E7A4F7556}") = "Tyuiu.DolganovAA.Sprint6.Task0.V27", "Tyuiu.DolganovAA.Sprint6.Task0.V27\Tyuiu.DolganovAA.Sprint6.Task0.V27.csproj", "{2B9963B4-9912-4E6D-85EF-001B1D8970E7}"
EndProject
Project("{2150E333-8FDC-42A3-9474-1A3956D46DE8}") = "Task1", "Task1", "{4C265CE5-30B5-4EB6-B3C7-0901CE30E823}"
EndProject
Project("{FAE04EC0-301F-11D3-BF4B-00C04F79EFBC}") = "Tyuiu.DolganovAA.Sprint6.Task1.V15.Lib", "Tyuiu.DolganovAA.Sprint6.Task1.V15.Lib\Tyuiu.DolganovAA.Sprint6.Task1.V15.Lib.csproj", "{09BABAAF-5738-4F74-A763-220490486E93}"
EndProject
Project("{FAE04EC0-301F-11D3-BF4B-00C04F79EFBC}") = "Tyuiu.DolganovAA.Sprint6.Task1.V15.Test", "Tyuiu.DolganovAA.Sprint6.Task1.V15.Test\Tyuiu.DolganovAA.Sprint6.Task1.V15.Test.csproj", "{7C896F66-5670-445A-A2E9-FED925A8284B}"
EndProject
Project("{FAE04EC0-301F-11D3-BF4B-00C04F79EFBC}") = "Tyuiu.DolganovAA.Sprint6.Task1.V15", "Tyuiu.DolganovAA.Sprint6.Task1.V15\Tyuiu.DolganovAA.Sprint6.Task1.V15.csproj", "{8140E6F7-7A71-46E6-9BF8-70E77999555E}"
EndProject
Project("{2150E333-8FDC-42A3-9474-1A3956D46DE8}") = "Task2", "Task2", "{45831D71-B005-4DEE-A06C-519D097AB774}"
EndProject
Project("{FAE04EC0-301F-11D3-BF4B-00C04F79EFBC}") = "Tyuiu.DolganovAA.Sprint6.Task2.V21.Lib", "Tyuiu.DolganovAA.Sprint6.Task2.V21.Lib\Tyuiu.DolganovAA.Sprint6.Task2.V21.Lib.csproj", "{C0A27077-3A1C-406C-A871-06E6D39651A0}"
EndProject
Project("{FAE04EC0-301F-11D3-BF4B-00C04F79EFBC}") = "Tyuiu.DolganovAA.Sprint6.Task2.V21.Test", "Tyuiu.DolganovAA.Sprint6.Task2.V21.Test\Tyuiu.DolganovAA.Sprint6.Task2.V21.Test.csproj", "{9F1A370A-1A5E-42CE-B215-1361C2F6AAF2}"
EndProject
Project("{FAE04EC0-301F-11D3-BF4B-00C04F79EFBC}") = "Tyuiu.DolganovAA.Sprint6.Task2.V21", "Tyuiu.DolganovAA.Sprint6.Task2.V21\Tyuiu.DolganovAA.Sprint6.Task2.V21.csproj", "{77491856-A854-4FCF-9193-41DC2DD76A0C}"
EndProject
Project("{2150E333-8FDC-42A3-9474-1A3956D46DE8}") = "Task3", "Task3", "{E7DEC7AF-2CFA-4BE5-A23F-99BEE6F4A41F}"
EndProject
Project("{FAE04EC0-301F-11D3-BF4B-00C04F79EFBC}") = "Tyuiu.DolganovAA.Sprint6.Task3.V17", "Tyuiu.DolganovAA.Sprint6.Task3.V17\Tyuiu.DolganovAA.Sprint6.Task3.V17.csproj", "{B1CCD9E9-70B8-4B28-BC15-14E1F380DA20}"
EndProject
Project("{FAE04EC0-301F-11D3-BF4B-00C04F79EFBC}") = "Tyuiu.DolganovAA.Sprint6.Task3.V17.Test", "Tyuiu.DolganovAA.Sprint6.Task3.V17.Test\Tyuiu.DolganovAA.Sprint6.Task3.V17.Test.csproj", "{BE3F5500-47A6-424B-A583-DAFDF3955AE7}"
EndProject
Project("{FAE04EC0-301F-11D3-BF4B-00C04F79EFBC}") = "Tyuiu.DolganovAA.Sprint6.Task3.V17.Lib", "Tyuiu.DolganovAA.Sprint6.Task3.V17.Lib\Tyuiu.DolganovAA.Sprint6.Task3.V17.Lib.csproj", "{CEB0C1DB-B07A-4561-83D2-DD7BFC304AF5}"
EndProject
Project("{2150E333-8FDC-42A3-9474-1A3956D46DE8}") = "Task4", "Task4", "{1DECC334-E84F-4993-A5FA-A7546F6C5A9B}"
EndProject
Project("{FAE04EC0-301F-11D3-BF4B-00C04F79EFBC}") = "Tyuiu.DolganovAA.Sprint6.Task4.V11.Lib", "Tyuiu.DolganovAA.Sprint6.Task4.V11.Lib\Tyuiu.DolganovAA.Sprint6.Task4.V11.Lib.csproj", "{75E1386D-423D-4AB7-822C-B991D7C164F4}"
EndProject
Project("{FAE04EC0-301F-11D3-BF4B-00C04F79EFBC}") = "Tyuiu.DolganovAA.Sprint6.Task4.V11.Test", "Tyuiu.DolganovAA.Sprint6.Task4.V11.Test\Tyuiu.DolganovAA.Sprint6.Task4.V11.Test.csproj", "{4C7E08DC-0CA0-4976-9290-719F4C8BF0D5}"
EndProject
Project("{FAE04EC0-301F-11D3-BF4B-00C04F79EFBC}") = "Tyuiu.DolganovAA.Sprint6.Task4.V11", "Tyuiu.DolganovAA.Sprint6.Task4.V11\Tyuiu.DolganovAA.Sprint6.Task4.V11.csproj", "{53C8A1F1-146C-4BF9-AB1D-D436786CC369}"
EndProject
Project("{2150E333-8FDC-42A3-9474-1A3956D46DE8}") = "Task5", "Task5", "{0C01AF16-45F6-4E48-B679-EFADEBF9F9B7}"
EndProject
Project("{FAE04EC0-301F-11D3-BF4B-00C04F79EFBC}") = "Tyuiu.DolganovAA.Sprint6.Task5.V12", "Tyuiu.DolganovAA.Sprint6.Task5.V12\Tyuiu.DolganovAA.Sprint6.Task5.V12.csproj", "{02498EF5-A7D0-408E-9C51-CA0A6EFBC0A8}"
EndProject
Project("{FAE04EC0-301F-11D3-BF4B-00C04F79EFBC}") = "Tyuiu.DolganovAA.Sprint6.Task5.V12.Test", "Tyuiu.DolganovAA.Sprint6.Task5.V12.Test\Tyuiu.DolganovAA.Sprint6.Task5.V12.Test.csproj", "{80CA94EE-5071-4E98-82C7-E486420264F1}"
EndProject
Project("{FAE04EC0-301F-11D3-BF4B-00C04F79EFBC}") = "Tyuiu.DolganovAA.Sprint6.Task5.V12.Lib", "Tyuiu.DolganovAA.Sprint6.Task5.V12.Lib\Tyuiu.DolganovAA.Sprint6.Task5.V12.Lib.csproj", "{D2766A10-D611-4E0A-98D2-9DB23493E6BA}"
EndProject
Project("{2150E333-8FDC-42A3-9474-1A3956D46DE8}") = "Task6", "Task6", "{9FE61B11-D504-4CFD-A1B7-4CC4C67AF6E1}"
EndProject
Project("{FAE04EC0-301F-11D3-BF4B-00C04F79EFBC}") = "Tyuiu.DolganovAA.Sprint6.Task6.V27.Lib", "Tyuiu.DolganovAA.Sprint6.Task6.V27.Lib\Tyuiu.DolganovAA.Sprint6.Task6.V27.Lib.csproj", "{C168C83C-4BBC-4CFC-B018-12417A758A2A}"
EndProject
Project("{FAE04EC0-301F-11D3-BF4B-00C04F79EFBC}") = "Tyuiu.DolganovAA.Sprint6.Task6.V27.Test", "Tyuiu.DolganovAA.Sprint6.Task6.V27.Test\Tyuiu.DolganovAA.Sprint6.Task6.V27.Test.csproj", "{B21E5E0C-B9A4-4527-A887-BB2C62D218D3}"
EndProject
Project("{FAE04EC0-301F-11D3-BF4B-00C04F79EFBC}") = "Tyuiu.DolganovAA.Sprint6.Task6.V27", "Tyuiu.DolganovAA.Sprint6.Task6.V27\Tyuiu.DolganovAA.Sprint6.Task6.V27.csproj", "{E013CB51-DDA8-4BFE-9542-E1E4B179A630}"
EndProject
Project("{2150E333-8FDC-42A3-9474-1A3956D46DE8}") = "Task7", "Task7", "{45F9582D-F69D-421B-9E7A-1EDFEA44ABA9}"
EndProject
Project("{FAE04EC0-301F-11D3-BF4B-00C04F79EFBC}") = "Tyuiu.DolganovAA.Sprint6.Task7.V29", "Tyuiu.DolganovAA.Sprint6.Task7.V29\Tyuiu.DolganovAA.Sprint6.Task7.V29.csproj", "{B4C83307-1D0A-4257-BDF6-BE009A0E261A}"
EndProject
Project("{FAE04EC0-301F-11D3-BF4B-00C04F79EFBC}") = "Tyuiu.DolganovAA.Sprint6.Task7.V29.Test", "Tyuiu.DolganovAA.Sprint6.Task7.V29.Test\Tyuiu.DolganovAA.Sprint6.Task7.V29.Test.csproj", "{5C3206D6-3A5F-42C5-BCBE-844637ABE739}"
EndProject
Project("{FAE04EC0-301F-11D3-BF4B-00C04F79EFBC}") = "Tyuiu.DolganovAA.Sprint6.Task7.V29.Lib", "Tyuiu.DolganovAA.Sprint6.Task7.V29.Lib\Tyuiu.DolganovAA.Sprint6.Task7.V29.Lib.csproj", "{8FB5B2E4-AC4E-4104-BE07-45792E2273ED}"
EndProject
Global
	GlobalSection(SolutionConfigurationPlatforms) = preSolution
		Debug|Any CPU = Debug|Any CPU
		Release|Any CPU = Release|Any CPU
	EndGlobalSection
	GlobalSection(ProjectConfigurationPlatforms) = postSolution
		{D2EA688E-5244-42F3-9F7E-DCE57B5769AF}.Debug|Any CPU.ActiveCfg = Debug|Any CPU
		{D2EA688E-5244-42F3-9F7E-DCE57B5769AF}.Debug|Any CPU.Build.0 = Debug|Any CPU
		{D2EA688E-5244-42F3-9F7E-DCE57B5769AF}.Release|Any CPU.ActiveCfg = Release|Any CPU
		{D2EA688E-5244-42F3-9F7E-DCE57B5769AF}.Release|Any CPU.Build.0 = Release|Any CPU
		{54AD7F4A-47FD-4989-BB99-048EAC175BBF}.Debug|Any CPU.ActiveCfg = Debug|Any CPU
		{54AD7F4A-47FD-4989-BB99-048EAC175BBF}.Debug|Any CPU.Build.0 = Debug|Any CPU
		{54AD7F4A-47FD-4989-BB99-048EAC175BBF}.Release|Any CPU.ActiveCfg = Release|Any CPU
		{54AD7F4A-47FD-4989-BB99-048EAC175BBF}.Release|Any CPU.Build.0 = Release|Any CPU
		{2B9963B4-9912-4E6D-85EF-001B1D8970E7}.Debug|Any CPU.ActiveCfg = Debug|Any CPU
		{2B9963B4-9912-4E6D-85EF-001B1D8970E7}.Debug|Any CPU.Build.0 = Debug|Any CPU
		{2B9963B4-9912-4E6D-85EF-001B1D8970E7}.Release|Any CPU.ActiveCfg = Release|Any CPU
		{2B9963B4-9912-4E6D-85EF-001B1D8970E7}.Release|Any CPU.Build.0 = Release|Any CPU
		{09BABAAF-5738-4F74-A763-220490486E93}.Debug|Any CPU.ActiveCfg = Debug|Any CPU
		{09BABAAF-5738-4F74-A763-220490486E93}.Debug|Any CPU.Build.0 = Debug|Any CPU
		{09BABAAF-5738-4F74-A763-220490486E93}.Release|Any CPU.ActiveCfg = Release|Any CPU
		{09BABAAF-5738-4F74-A763-220490486E93}.Release|Any CPU.Build.0 = Release|Any CPU
		{7C896F66-5670-445A-A2E9-FED925A8284B}.Debug|Any CPU.ActiveCfg = Debug|Any CPU
		{7C896F66-5670-445A-A2E9-FED925A8284B}.Debug|Any CPU.Build.0 = Debug|Any CPU
		{7C896F66-5670-445A-A2E9-FED925A8284B}.Release|Any CPU.ActiveCfg = Release|Any CPU
		{7C896F66-5670-445A-A2E9-FED925A8284B}.Release|Any CPU.Build.0 = Release|Any CPU
		{8140E6F7-7A71-46E6-9BF8-70E77999555E}.Debug|Any CPU.ActiveCfg = Debug|Any CPU
		{8140E6F7-7A71-46E6-9BF8-70E77999555E}.Debug|Any CPU.Build.0 = Debug|Any CPU
		{8140E6F7-7A71-46E6-9BF8-70E77999555E}.Release|Any CPU.ActiveCfg = Release|Any CPU
		{8140E6F7-7A71-46E6-9BF8-70E77999555E}.Release|Any CPU.Build.0 = Release|Any CPU
		{C0A27077-3A1C-406C-A871-06E6D39651A0}.Debug|Any CPU.ActiveCfg = Debug|Any CPU
		{C0A27077-3A1C-406C-A871-06E6D39651A0}.Debug|Any CPU.Build.0 = Debug|Any CPU
		{C0A27077-3A1C-406C-A871-06E6D39651A0}.Release|Any CPU.ActiveCfg = Release|Any CPU
		{C0A27077-3A1C-406C-A871-06E6D39651A0}.Release|Any CPU.Build.0 = Release|Any CPU
		{9F1A370A-1A5E-42CE-B215-1361C2F6AAF2}.Debug|Any CPU.ActiveCfg = Debug|Any CPU
		{9F1A370A-1A5E-42CE-B215-1361C2F6AAF2}.Debug|Any CPU.Build.0 = Debug|Any CPU
		{9F1A370A-1A5E-42CE-B215-1361C2F6AAF2}.Release|Any CPU.ActiveCfg = Release|Any CPU
		{9F1A370A-1A5E-42CE-B215-1361C2F6AAF2}.Release|Any CPU.Build.0 = Release|Any CPU
		{77491856-A854-4FCF-9193-41DC2DD76A0C}.Debug|Any CPU.ActiveCfg = Debug|Any CPU
		{77491856-A854-4FCF-9193-41DC2DD76A0C}.Debug|Any CPU.Build.0 = Debug|Any CPU
		{77491856-A854-4FCF-9193-41DC2DD76A0C}.Release|Any CPU.ActiveCfg = Release|Any CPU
		{77491856-A854-4FCF-9193-41DC2DD76A0C}.Release|Any CPU.Build.0 = Release|Any CPU
		{B1CCD9E9-70B8-4B28-BC15-14E1F380DA20}.Debug|Any CPU.ActiveCfg = Debug|Any CPU
		{B1CCD9E9-70B8-4B28-BC15-14E1F380DA20}.Debug|Any CPU.Build.0 = Debug|Any CPU
		{B1CCD9E9-70B8-4B28-BC15-14E1F380DA20}.Release|Any CPU.ActiveCfg = Release|Any CPU
		{B1CCD9E9-70B8-4B28-BC15-14E1F380DA20}.Release|Any CPU.Build.0 = Release|Any CPU
		{BE3F5500-47A6-424B-A583-DAFDF3955AE7}.Debug|Any CPU.ActiveCfg = Debug|Any CPU
		{BE3F5500-47A6-424B-A583-DAFDF3955AE7}.Debug|Any CPU.Build.0 = Debug|Any CPU
		{BE3F5500-47A6-424B-A583-DAFDF3955AE7}.Release|Any CPU.ActiveCfg = Release|Any CPU
		{BE3F5500-47A6-424B-A583-DAFDF3955AE7}.Release|Any CPU.Build.0 = Release|Any CPU
		{CEB0C1DB-B07A-4561-83D2-DD7BFC304AF5}.Debug|Any CPU.ActiveCfg = Debug|Any CPU
		{CEB0C1DB-B07A-4561-83D2-DD7BFC304AF5}.Debug|Any CPU.Build.0 = Debug|Any CPU
		{CEB0C1DB-B07A-4561-83D2-DD7BFC304AF5}.Release|Any CPU.ActiveCfg = Release|Any CPU
		{CEB0C1DB-B07A-4561-83D2-DD7BFC304AF5}.Release|Any CPU.Build.0 = Release|Any CPU
		{75E1386D-423D-4AB7-822C-B991D7C164F4}.Debug|Any CPU.ActiveCfg = Debug|Any CPU
		{75E1386D-423D-4AB7-822C-B991D7C164F4}.Debug|Any CPU.Build.0 = Debug|Any CPU
		{75E1386D-423D-4AB7-822C-B991D7C164F4}.Release|Any CPU.ActiveCfg = Release|Any CPU
		{75E1386D-423D-4AB7-822C-B991D7C164F4}.Release|Any CPU.Build.0 = Release|Any CPU
		{4C7E08DC-0CA0-4976-9290-719F4C8BF0D5}.Debug|Any CPU.ActiveCfg = Debug|Any CPU
		{4C7E08DC-0CA0-4976-9290-719F4C8BF0D5}.Debug|Any CPU.Build.0 = Debug|Any CPU
		{4C7E08DC-0CA0-4976-9290-719F4C8BF0D5}.Release|Any CPU.ActiveCfg = Release|Any CPU
		{4C7E08DC-0CA0-4976-9290-719F4C8BF0D5}.Release|Any CPU.Build.0 = Release|Any CPU
		{53C8A1F1-146C-4BF9-AB1D-D436786CC369}.Debug|Any CPU.ActiveCfg = Debug|Any CPU
		{53C8A1F1-146C-4BF9-AB1D-D436786CC369}.Debug|Any CPU.Build.0 = Debug|Any CPU
		{53C8A1F1-146C-4BF9-AB1D-D436786CC369}.Release|Any CPU.ActiveCfg = Release|Any CPU
		{53C8A1F1-146C-4BF9-AB1D-D436786CC369}.Release|Any CPU.Build.0 = Release|Any CPU
		{02498EF5-A7D0-408E-9C51-CA0A6EFBC0A8}.Debug|Any CPU.ActiveCfg = Debug|Any CPU
		{02498EF5-A7D0-408E-9C51-CA0A6EFBC0A8}.Debug|Any CPU.Build.0 = Debug|Any CPU
		{02498EF5-A7D0-408E-9C51-CA0A6EFBC0A8}.Release|Any CPU.ActiveCfg = Release|Any CPU
		{02498EF5-A7D0-408E-9C51-CA0A6EFBC0A8}.Release|Any CPU.Build.0 = Release|Any CPU
		{80CA94EE-5071-4E98-82C7-E486420264F1}.Debug|Any CPU.ActiveCfg = Debug|Any CPU
		{80CA94EE-5071-4E98-82C7-E486420264F1}.Debug|Any CPU.Build.0 = Debug|Any CPU
		{80CA94EE-5071-4E98-82C7-E486420264F1}.Release|Any CPU.ActiveCfg = Release|Any CPU
		{80CA94EE-5071-4E98-82C7-E486420264F1}.Release|Any CPU.Build.0 = Release|Any CPU
		{D2766A10-D611-4E0A-98D2-9DB23493E6BA}.Debug|Any CPU.ActiveCfg = Debug|Any CPU
		{D2766A10-D611-4E0A-98D2-9DB23493E6BA}.Debug|Any CPU.Build.0 = Debug|Any CPU
		{D2766A10-D611-4E0A-98D2-9DB23493E6BA}.Release|Any CPU.ActiveCfg = Release|Any CPU
		{D2766A10-D611-4E0A-98D2-9DB23493E6BA}.Release|Any CPU.Build.0 = Release|Any CPU
		{C168C83C-4BBC-4CFC-B018-12417A758A2A}.Debug|Any CPU.ActiveCfg = Debug|Any CPU
		{C168C83C-4BBC-4CFC-B018-12417A758A2A}.Debug|Any CPU.Build.0 = Debug|Any CPU
		{C168C83C-4BBC-4CFC-B018-12417A758A2A}.Release|Any CPU.ActiveCfg = Release|Any CPU
		{C168C83C-4BBC-4CFC-B018-12417A758A2A}.Release|Any CPU.Build.0 = Release|Any CPU
		{B21E5E0C-B9A4-4527-A887-BB2C62D218D3}.Debug|Any CPU.ActiveCfg = Debug|Any CPU
		{B21E5E0C-B9A4-4527-A887-BB2C62D218D3}.Debug|Any CPU.Build.0 = Debug|Any CPU
		{B21E5E0C-B9A4-4527-A887-BB2C62D218D3}.Release|Any CPU.ActiveCfg = Release|Any CPU
		{B21E5E0C-B9A4-4527-A887-BB2C62D218D3}.Release|Any CPU.Build.0 = Release|Any CPU
		{E013CB51-DDA8-4BFE-9542-E1E4B179A630}.Debug|Any CPU.ActiveCfg = Debug|Any CPU
		{E013CB51-DDA8-4BFE-9542-E1E4B179A630}.Debug|Any CPU.Build.0 = Debug|Any CPU
		{E013CB51-DDA8-4BFE-9542-E1E4B179A630}.Release|Any CPU.ActiveCfg = Release|Any CPU
		{E013CB51-DDA8-4BFE-9542-E1E4B179A630}.Release|Any CPU.Build.0 = Release|Any CPU
		{B4C83307-1D0A-4257-BDF6-BE009A0E261A}.Debug|Any CPU.ActiveCfg = Debug|Any CPU
		{B4C83307-1D0A-4257-BDF6-BE009A0E261A}.Debug|Any CPU.Build.0 = Debug|Any CPU
		{B4C83307-1D0A-4257-BDF6-BE009A0E261A}.Release|Any CPU.ActiveCfg = Release|Any CPU
		{B4C83307-1D0A-4257-BDF6-BE009A0E261A}.Release|Any CPU.Build.0 = Release|Any CPU
		{5C3206D6-3A5F-42C5-BCBE-844637ABE739}.Debug|Any CPU.ActiveCfg = Debug|Any CPU
		{5C3206D6-3A5F-42C5-BCBE-844637ABE739}.Debug|Any CPU.Build.0 = Debug|Any CPU
		{5C3206D6-3A5F-42C5-BCBE-844637ABE739}.Release|Any CPU.ActiveCfg = Release|Any CPU
		{5C3206D6-3A5F-42C5-BCBE-844637ABE739}.Release|Any CPU.Build.0 = Release|Any CPU
		{8FB5B2E4-AC4E-4104-BE07-45792E2273ED}.Debug|Any CPU.ActiveCfg = Debug|Any CPU
		{8FB5B2E4-AC4E-4104-BE07-45792E2273ED}.Debug|Any CPU.Build.0 = Debug|Any CPU
		{8FB5B2E4-AC4E-4104-BE07-45792E2273ED}.Release|Any CPU.ActiveCfg = Release|Any CPU
		{8FB5B2E4-AC4E-4104-BE07-45792E2273ED}.Release|Any CPU.Build.0 = Release|Any CPU
	EndGlobalSection
	GlobalSection(SolutionProperties) = preSolution
		HideSolutionNode = FALSE
	EndGlobalSection
	GlobalSection(NestedProjects) = preSolution
		{D2EA688E-5244-42F3-9F7E-DCE57B5769AF} = {FB0F79EC-D499-470E-84F6-E2D662DA41B9}
		{54AD7F4A-47FD-4989-BB99-048EAC175BBF} = {FB0F79EC-D499-470E-84F6-E2D662DA41B9}
		{2B9963B4-9912-4E6D-85EF-001B1D8970E7} = {FB0F79EC-D499-470E-84F6-E2D662DA41B9}
		{09BABAAF-5738-4F74-A763-220490486E93} = {4C265CE5-30B5-4EB6-B3C7-0901CE30E823}
		{7C896F66-5670-445A-A2E9-FED925A8284B} = {4C265CE5-30B5-4EB6-B3C7-0901CE30E823}
		{8140E6F7-7A71-46E6-9BF8-70E77999555E} = {4C265CE5-30B5-4EB6-B3C7-0901CE30E823}
		{C0A27077-3A1C-406C-A871-06E6D39651A0} = {45831D71-B005-4DEE-A06C-519D097AB774}
		{9F1A370A-1A5E-42CE-B215-1361C2F6AAF2} = {45831D71-B005-4DEE-A06C-519D097AB774}
		{77491856-A854-4FCF-9193-41DC2DD76A0C} = {45831D71-B005-4DEE-A06C-519D097AB774}
		{B1CCD9E9-70B8-4B28-BC15-14E1F380DA20} = {E7DEC7AF-2CFA-4BE5-A23F-99BEE6F4A41F}
		{BE3F5500-47A6-424B-A583-DAFDF3955AE7} = {E7DEC7AF-2CFA-4BE5-A23F-99BEE6F4A41F}
		{CEB0C1DB-B07A-4561-83D2-DD7BFC304AF5} = {E7DEC7AF-2CFA-4BE5-A23F-99BEE6F4A41F}
		{75E1386D-423D-4AB7-822C-B991D7C164F4} = {1DECC334-E84F-4993-A5FA-A7546F6C5A9B}
		{4C7E08DC-0CA0-4976-9290-719F4C8BF0D5} = {1DECC334-E84F-4993-A5FA-A7546F6C5A9B}
		{53C8A1F1-146C-4BF9-AB1D-D436786CC369} = {1DECC334-E84F-4993-A5FA-A7546F6C5A9B}
		{02498EF5-A7D0-408E-9C51-CA0A6EFBC0A8} = {0C01AF16-45F6-4E48-B679-EFADEBF9F9B7}
		{80CA94EE-5071-4E98-82C7-E486420264F1} = {0C01AF16-45F6-4E48-B679-EFADEBF9F9B7}
		{D2766A10-D611-4E0A-98D2-9DB23493E6BA} = {0C01AF16-45F6-4E48-B679-EFADEBF9F9B7}
		{C168C83C-4BBC-4CFC-B018-12417A758A2A} = {9FE61B11-D504-4CFD-A1B7-4CC4C67AF6E1}
		{B21E5E0C-B9A4-4527-A887-BB2C62D218D3} = {9FE61B11-D504-4CFD-A1B7-4CC4C67AF6E1}
		{E013CB51-DDA8-4BFE-9542-E1E4B179A630} = {9FE61B11-D504-4CFD-A1B7-4CC4C67AF6E1}
		{B4C83307-1D0A-4257-BDF6-BE009A0E261A} = {45F9582D-F69D-421B-9E7A-1EDFEA44ABA9}
		{5C3206D6-3A5F-42C5-BCBE-844637ABE739} = {45F9582D-F69D-421B-9E7A-1EDFEA44ABA9}
		{8FB5B2E4-AC4E-4104-BE07-45792E2273ED} = {45F9582D-F69D-421B-9E7A-1EDFEA44ABA9}
	EndGlobalSection
	GlobalSection(ExtensibilityGlobals) = postSolution
		SolutionGuid = {A8A3405C-6777-4D30-9729-45378620A015}
	EndGlobalSection
EndGlobal
